# THIS IS AN AUTOGENERATED FILE. DO NOT EDIT THIS FILE DIRECTLY.
# yarn lockfile v1


babel-plugin-syntax-jsx@^6.18.0:
  version "6.18.0"
  resolved "http://registry.npm.taobao.org/babel-plugin-syntax-jsx/download/babel-plugin-syntax-jsx-6.18.0.tgz#0af32a9a6e13ca7a3fd5069e62d7b0f58d0d8946"

babel-plugin-transform-vue-jsx@^3.4.2:
  version "3.4.3"
  resolved "http://registry.npm.taobao.org/babel-plugin-transform-vue-jsx/download/babel-plugin-transform-vue-jsx-3.4.3.tgz#de57d8dd7d619333c981867728f3e6fdf68982ff"
  dependencies:
    esutils "^2.0.2"

commander@*:
  version "2.9.0"
  resolved "http://registry.npm.taobao.org/commander/download/commander-2.9.0.tgz#9c99094176e12240cb22d6c5146098400fe0f7d4"
  dependencies:
    graceful-readlink ">= 1.0.0"

esutils@^2.0.2:
  version "2.0.2"
  resolved "http://registry.npm.taobao.org/esutils/download/esutils-2.0.2.tgz#0abf4f1caa5bcb1f7a9d8acc6dea4faaa04bac9b"

"graceful-readlink@>= 1.0.0":
  version "1.0.1"
  resolved "http://registry.npm.taobao.org/graceful-readlink/download/graceful-readlink-1.0.1.tgz#4cafad76bc62f02fa039b2f94e9a3dd3a391a725"

mockjs@^1.0.1-beta3:
  version "1.0.1-beta3"
  resolved "http://registry.npm.taobao.org/mockjs/download/mockjs-1.0.1-beta3.tgz#d234f3c27256397564f2c955142e891909537209"
  dependencies:
    commander "*"

qs@6.4.0:
  version "6.4.0"
  resolved "http://registry.npm.taobao.org/qs/download/qs-6.4.0.tgz#13e26d28ad6b0ffaa91312cd3bf708ed351e7233"

vue-router@^2.3.1:
  version "2.5.3"
  resolved "http://registry.npm.taobao.org/vue-router/download/vue-router-2.5.3.tgz#073783f564b6aece6c8a59c63e298dc2aabfb51b"

vue@^2.2.6:
  version "2.3.2"
  resolved "http://registry.npm.taobao.org/vue/download/vue-2.3.2.tgz#9e52aae3593480be235ff227557837e69f98203a"
